
Microsoft Visual Studio Solution File, Format Version 12.00
# Visual Studio Version 17
Project("{8BC9CEB8-8B4A-11D0-8D11-00A0C91BC942}") = "ALL_BUILD", "ALL_BUILD.vcxproj", "{8A235526-7711-36B0-B034-F9EFF07FEF87}"
	ProjectSection(ProjectDependencies) = postProject
		{ED0D478E-8F91-3FE4-BDCE-E388996C0D86} = {ED0D478E-8F91-3FE4-BDCE-E388996C0D86}
		{4B78E028-AFD1-384E-8247-8A7B20085DC2} = {4B78E028-AFD1-384E-8247-8A7B20085DC2}
	EndProjectSection
EndProject
Project("{8BC9CEB8-8B4A-11D0-8D11-00A0C91BC942}") = "PruebaDeCmake", "PruebaDeCmake.vcxproj", "{ED0D478E-8F91-3FE4-BDCE-E388996C0D86}"
	ProjectSection(ProjectDependencies) = postProject
		{4B78E028-AFD1-384E-8247-8A7B20085DC2} = {4B78E028-AFD1-384E-8247-8A7B20085DC2}
	EndProjectSection
EndProject
Project("{8BC9CEB8-8B4A-11D0-8D11-00A0C91BC942}") = "ZERO_CHECK", "ZERO_CHECK.vcxproj", "{4B78E028-AFD1-384E-8247-8A7B20085DC2}"
	ProjectSection(ProjectDependencies) = postProject
	EndProjectSection
EndProject
Global
	GlobalSection(SolutionConfigurationPlatforms) = preSolution
		Debug|x64 = Debug|x64
		Release|x64 = Release|x64
		MinSizeRel|x64 = MinSizeRel|x64
		RelWithDebInfo|x64 = RelWithDebInfo|x64
	EndGlobalSection
	GlobalSection(ProjectConfigurationPlatforms) = postSolution
		{8A235526-7711-36B0-B034-F9EFF07FEF87}.Debug|x64.ActiveCfg = Debug|x64
		{8A235526-7711-36B0-B034-F9EFF07FEF87}.Release|x64.ActiveCfg = Release|x64
		{8A235526-7711-36B0-B034-F9EFF07FEF87}.MinSizeRel|x64.ActiveCfg = MinSizeRel|x64
		{8A235526-7711-36B0-B034-F9EFF07FEF87}.RelWithDebInfo|x64.ActiveCfg = RelWithDebInfo|x64
		{ED0D478E-8F91-3FE4-BDCE-E388996C0D86}.Debug|x64.ActiveCfg = Debug|x64
		{ED0D478E-8F91-3FE4-BDCE-E388996C0D86}.Debug|x64.Build.0 = Debug|x64
		{ED0D478E-8F91-3FE4-BDCE-E388996C0D86}.Release|x64.ActiveCfg = Release|x64
		{ED0D478E-8F91-3FE4-BDCE-E388996C0D86}.Release|x64.Build.0 = Release|x64
		{ED0D478E-8F91-3FE4-BDCE-E388996C0D86}.MinSizeRel|x64.ActiveCfg = MinSizeRel|x64
		{ED0D478E-8F91-3FE4-BDCE-E388996C0D86}.MinSizeRel|x64.Build.0 = MinSizeRel|x64
		{ED0D478E-8F91-3FE4-BDCE-E388996C0D86}.RelWithDebInfo|x64.ActiveCfg = RelWithDebInfo|x64
		{ED0D478E-8F91-3FE4-BDCE-E388996C0D86}.RelWithDebInfo|x64.Build.0 = RelWithDebInfo|x64
		{4B78E028-AFD1-384E-8247-8A7B20085DC2}.Debug|x64.ActiveCfg = Debug|x64
		{4B78E028-AFD1-384E-8247-8A7B20085DC2}.Debug|x64.Build.0 = Debug|x64
		{4B78E028-AFD1-384E-8247-8A7B20085DC2}.Release|x64.ActiveCfg = Release|x64
		{4B78E028-AFD1-384E-8247-8A7B20085DC2}.Release|x64.Build.0 = Release|x64
		{4B78E028-AFD1-384E-8247-8A7B20085DC2}.MinSizeRel|x64.ActiveCfg = MinSizeRel|x64
		{4B78E028-AFD1-384E-8247-8A7B20085DC2}.MinSizeRel|x64.Build.0 = MinSizeRel|x64
		{4B78E028-AFD1-384E-8247-8A7B20085DC2}.RelWithDebInfo|x64.ActiveCfg = RelWithDebInfo|x64
		{4B78E028-AFD1-384E-8247-8A7B20085DC2}.RelWithDebInfo|x64.Build.0 = RelWithDebInfo|x64
	EndGlobalSection
	GlobalSection(ExtensibilityGlobals) = postSolution
		SolutionGuid = {803024C5-C9BC-3B27-B928-2DAB2D96437E}
	EndGlobalSection
	GlobalSection(ExtensibilityAddIns) = postSolution
	EndGlobalSection
EndGlobal
